
Microsoft Visual Studio Solution File, Format Version 12.00
# Visual Studio Version 17
VisualStudioVersion = 17.11.35208.52
MinimumVisualStudioVersion = 10.0.40219.1
Project("{2150E333-8FDC-42A3-9474-1A3956D46DE8}") = "Task0", "Task0", "{D3C2E920-BBC3-4134-B76B-96D300FF9814}"
EndProject
Project("{FAE04EC0-301F-11D3-BF4B-00C04F79EFBC}") = "Tyuiu.SimonSR80Test.Sprint1.Task0.V10.Lib", "Tyuiu.SimonSR80Test.Sprint1.Task0.V10.Lib\Tyuiu.SimonSR80Test.Sprint1.Task0.V10.Lib.csproj", "{D6A3E5D9-830D-45CD-BD02-A9D355AAD613}"
EndProject
Global
	GlobalSection(SolutionConfigurationPlatforms) = preSolution
		Debug|Any CPU = Debug|Any CPU
		Release|Any CPU = Release|Any CPU
	EndGlobalSection
	GlobalSection(ProjectConfigurationPlatforms) = postSolution
		{D6A3E5D9-830D-45CD-BD02-A9D355AAD613}.Debug|Any CPU.ActiveCfg = Debug|Any CPU
		{D6A3E5D9-830D-45CD-BD02-A9D355AAD613}.Debug|Any CPU.Build.0 = Debug|Any CPU
		{D6A3E5D9-830D-45CD-BD02-A9D355AAD613}.Release|Any CPU.ActiveCfg = Release|Any CPU
		{D6A3E5D9-830D-45CD-BD02-A9D355AAD613}.Release|Any CPU.Build.0 = Release|Any CPU
	EndGlobalSection
	GlobalSection(SolutionProperties) = preSolution
		HideSolutionNode = FALSE
	EndGlobalSection
	GlobalSection(NestedProjects) = preSolution
		{D6A3E5D9-830D-45CD-BD02-A9D355AAD613} = {D3C2E920-BBC3-4134-B76B-96D300FF9814}
	EndGlobalSection
	GlobalSection(ExtensibilityGlobals) = postSolution
		SolutionGuid = {2425533F-6840-445B-9372-0D3C1769C371}
	EndGlobalSection
EndGlobal
